# This file was autogenerated by uv via the following command:
#    uv pip compile requirements-runtime.txt -c requirements.lock --universal --python-version 3.12 -o requirements-runtime.lock
annotated-doc==0.0.4
    # via
    #   -c requirements.lock
    #   fastapi
annotated-types==0.7.0
    # via
    #   -c requirements.lock
    #   pydantic
anyio==4.13.0
    # via
    #   -c requirements.lock
    #   httpx
    #   starlette
    #   watchfiles
certifi==2026.4.22
    # via
    #   -c requirements.lock
    #   httpcore
    #   httpx
    #   requests
cffi==2.0.0 ; platform_python_implementation != 'PyPy'
    # via
    #   -c requirements.lock
    #   cryptography
charset-normalizer==3.4.7
    # via
    #   -c requirements.lock
    #   pdfminer-six
    #   requests
click==8.3.3
    # via
    #   -c requirements.lock
    #   uvicorn
colorama==0.4.6 ; sys_platform == 'win32'
    # via
    #   -c requirements.lock
    #   click
    #   uvicorn
cryptography==48.0.0
    # via
    #   -c requirements.lock
    #   pdfminer-six
    #   pyjwt
fastapi==0.136.1
    # via
    #   -c requirements.lock
    #   -r requirements-runtime.txt
googleapis-common-protos==1.75.0
    # via
    #   -c requirements.lock
    #   opentelemetry-exporter-otlp-proto-http
grpcio==1.80.0
    # via
    #   -c requirements.lock
    #   qdrant-client
h11==0.16.0
    # via
    #   -c requirements.lock
    #   httpcore
    #   uvicorn
h2==4.3.0
    # via
    #   -c requirements.lock
    #   httpx
hpack==4.1.0
    # via
    #   -c requirements.lock
    #   h2
httpcore==1.0.9
    # via
    #   -c requirements.lock
    #   httpx
httptools==0.7.1
    # via
    #   -c requirements.lock
    #   uvicorn
httpx==0.28.1
    # via
    #   -c requirements.lock
    #   -r requirements-runtime.txt
    #   langgraph-sdk
    #   langsmith
    #   ollama
    #   qdrant-client
hyperframe==6.1.0
    # via
    #   -c requirements.lock
    #   h2
idna==3.14
    # via
    #   -c requirements.lock
    #   anyio
    #   httpx
    #   requests
importlib-metadata==8.7.1
    # via
    #   -c requirements.lock
    #   opentelemetry-api
jsonpatch==1.33
    # via
    #   -c requirements.lock
    #   langchain-core
jsonpath-ng==1.8.0
    # via
    #   -c requirements.lock
    #   redisvl
jsonpointer==3.1.1
    # via
    #   -c requirements.lock
    #   jsonpatch
langchain-core==0.3.86
    # via
    #   -c requirements.lock
    #   langchain-ollama
    #   langchain-qdrant
    #   langgraph
    #   langgraph-checkpoint
    #   langgraph-prebuilt
langchain-ollama==0.3.10
    # via
    #   -c requirements.lock
    #   -r requirements-runtime.txt
langchain-qdrant==0.2.1
    # via
    #   -c requirements.lock
    #   -r requirements-runtime.txt
langgraph==0.6.11
    # via
    #   -c requirements.lock
    #   -r requirements-runtime.txt
langgraph-checkpoint==3.0.1
    # via
    #   -c requirements.lock
    #   langgraph
    #   langgraph-checkpoint-redis
    #   langgraph-prebuilt
langgraph-checkpoint-redis==0.3.6
    # via
    #   -c requirements.lock
    #   -r requirements-runtime.txt
langgraph-prebuilt==0.6.5
    # via
    #   -c requirements.lock
    #   langgraph
langgraph-sdk==0.2.15
    # via
    #   -c requirements.lock
    #   langgraph
langsmith==0.8.3
    # via
    #   -c requirements.lock
    #   langchain-core
lxml==6.1.0
    # via
    #   -c requirements.lock
    #   python-docx
ml-dtypes==0.5.4
    # via
    #   -c requirements.lock
    #   redisvl
numpy==2.4.4
    # via
    #   -c requirements.lock
    #   ml-dtypes
    #   qdrant-client
    #   rank-bm25
    #   redisvl
ollama==0.6.2
    # via
    #   -c requirements.lock
    #   langchain-ollama
openinference-semantic-conventions==0.1.32
    # via
    #   -c requirements.lock
    #   -r requirements-runtime.txt
opentelemetry-api==1.41.1
    # via
    #   -c requirements.lock
    #   opentelemetry-exporter-otlp-proto-http
    #   opentelemetry-instrumentation
    #   opentelemetry-instrumentation-httpx
    #   opentelemetry-instrumentation-redis
    #   opentelemetry-sdk
    #   opentelemetry-semantic-conventions
opentelemetry-exporter-otlp-proto-common==1.41.1
    # via
    #   -c requirements.lock
    #   opentelemetry-exporter-otlp-proto-http
opentelemetry-exporter-otlp-proto-http==1.41.1
    # via
    #   -c requirements.lock
    #   -r requirements-runtime.txt
opentelemetry-instrumentation==0.62b1
    # via
    #   -c requirements.lock
    #   opentelemetry-instrumentation-httpx
    #   opentelemetry-instrumentation-redis
opentelemetry-instrumentation-httpx==0.62b1
    # via
    #   -c requirements.lock
    #   -r requirements-runtime.txt
opentelemetry-instrumentation-redis==0.62b1
    # via
    #   -c requirements.lock
    #   -r requirements-runtime.txt
opentelemetry-proto==1.41.1
    # via
    #   -c requirements.lock
    #   opentelemetry-exporter-otlp-proto-common
    #   opentelemetry-exporter-otlp-proto-http
opentelemetry-sdk==1.41.1
    # via
    #   -c requirements.lock
    #   -r requirements-runtime.txt
    #   opentelemetry-exporter-otlp-proto-http
opentelemetry-semantic-conventions==0.62b1
    # via
    #   -c requirements.lock
    #   opentelemetry-instrumentation
    #   opentelemetry-instrumentation-httpx
    #   opentelemetry-instrumentation-redis
    #   opentelemetry-sdk
opentelemetry-util-http==0.62b1
    # via
    #   -c requirements.lock
    #   opentelemetry-instrumentation-httpx
orjson==3.11.9
    # via
    #   -c requirements.lock
    #   langgraph-checkpoint-redis
    #   langgraph-sdk
    #   langsmith
ormsgpack==1.12.2
    # via
    #   -c requirements.lock
    #   langgraph-checkpoint
packaging==24.2
    # via
    #   -c requirements.lock
    #   langchain-core
    #   langsmith
    #   opentelemetry-instrumentation
pdfminer-six==20251230
    # via
    #   -c requirements.lock
    #   pdfplumber
pdfplumber==0.11.9
    # via
    #   -c requirements.lock
    #   -r requirements-runtime.txt
pillow==12.2.0
    # via
    #   -c requirements.lock
    #   pdfplumber
portalocker==3.2.0
    # via
    #   -c requirements.lock
    #   qdrant-client
protobuf==6.33.6
    # via
    #   -c requirements.lock
    #   googleapis-common-protos
    #   opentelemetry-proto
    #   qdrant-client
psycopg==3.3.4
    # via
    #   -c requirements.lock
    #   -r requirements-runtime.txt
psycopg-binary==3.3.4 ; implementation_name != 'pypy'
    # via
    #   -c requirements.lock
    #   psycopg
psycopg-pool==3.3.1
    # via
    #   -c requirements.lock
    #   -r requirements-runtime.txt
pycparser==3.0 ; implementation_name != 'PyPy' and platform_python_implementation != 'PyPy'
    # via
    #   -c requirements.lock
    #   cffi
pydantic==2.13.4
    # via
    #   -c requirements.lock
    #   -r requirements-runtime.txt
    #   fastapi
    #   langchain-core
    #   langchain-qdrant
    #   langgraph
    #   langsmith
    #   ollama
    #   pydantic-settings
    #   qdrant-client
    #   redisvl
pydantic-core==2.46.4
    # via
    #   -c requirements.lock
    #   pydantic
pydantic-settings==2.14.1
    # via
    #   -c requirements.lock
    #   -r requirements-runtime.txt
pyjwt==2.12.1
    # via
    #   -c requirements.lock
    #   -r requirements-runtime.txt
    #   redis
pypdfium2==5.8.0
    # via
    #   -c requirements.lock
    #   pdfplumber
python-docx==1.2.0
    # via
    #   -c requirements.lock
    #   -r requirements-runtime.txt
python-dotenv==1.2.2
    # via
    #   -c requirements.lock
    #   pydantic-settings
    #   uvicorn
python-multipart==0.0.28
    # via
    #   -c requirements.lock
    #   -r requirements-runtime.txt
python-ulid==3.1.0
    # via
    #   -c requirements.lock
    #   redisvl
pywin32==312 ; sys_platform == 'win32'
    # via
    #   -c requirements.lock
    #   portalocker
pyyaml==6.0.3
    # via
    #   -c requirements.lock
    #   langchain-core
    #   redisvl
    #   uvicorn
qdrant-client==1.18.0
    # via
    #   -c requirements.lock
    #   -r requirements-runtime.txt
    #   langchain-qdrant
rank-bm25==0.2.2
    # via
    #   -c requirements.lock
    #   -r requirements-runtime.txt
redis==5.3.1
    # via
    #   -c requirements.lock
    #   -r requirements-runtime.txt
    #   langgraph-checkpoint-redis
    #   redisvl
redisvl==0.18.1
    # via
    #   -c requirements.lock
    #   langgraph-checkpoint-redis
requests==2.34.0
    # via
    #   -c requirements.lock
    #   langsmith
    #   opentelemetry-exporter-otlp-proto-http
    #   requests-toolbelt
requests-toolbelt==1.0.0
    # via
    #   -c requirements.lock
    #   langsmith
starlette==1.0.0
    # via
    #   -c requirements.lock
    #   fastapi
tenacity==9.1.4
    # via
    #   -c requirements.lock
    #   langchain-core
    #   redisvl
typing-extensions==4.15.0
    # via
    #   -c requirements.lock
    #   anyio
    #   fastapi
    #   grpcio
    #   langchain-core
    #   opentelemetry-api
    #   opentelemetry-exporter-otlp-proto-http
    #   opentelemetry-sdk
    #   opentelemetry-semantic-conventions
    #   psycopg
    #   psycopg-pool
    #   pydantic
    #   pydantic-core
    #   python-docx
    #   starlette
    #   typing-inspection
typing-inspection==0.4.2
    # via
    #   -c requirements.lock
    #   fastapi
    #   pydantic
    #   pydantic-settings
tzdata==2026.5 ; sys_platform == 'win32'
    # via
    #   -c requirements.lock
    #   psycopg
urllib3==2.7.0
    # via
    #   -c requirements.lock
    #   qdrant-client
    #   requests
uuid-utils==0.15.0
    # via
    #   -c requirements.lock
    #   langchain-core
    #   langsmith
uvicorn==0.46.0
    # via
    #   -c requirements.lock
    #   -r requirements-runtime.txt
uvloop==0.22.1 ; platform_python_implementation != 'PyPy' and sys_platform != 'cygwin' and sys_platform != 'win32'
    # via
    #   -c requirements.lock
    #   uvicorn
watchfiles==1.1.1
    # via
    #   -c requirements.lock
    #   uvicorn
websockets==16.0
    # via
    #   -c requirements.lock
    #   uvicorn
wrapt==1.17.3
    # via
    #   -c requirements.lock
    #   opentelemetry-instrumentation
    #   opentelemetry-instrumentation-httpx
    #   opentelemetry-instrumentation-redis
xxhash==3.7.0
    # via
    #   -c requirements.lock
    #   langgraph
    #   langsmith
zipp==3.23.1
    # via
    #   -c requirements.lock
    #   importlib-metadata
zstandard==0.25.0
    # via
    #   -c requirements.lock
    #   langsmith
